// !$*UTF8*$!
{
	archiveVersion = 1;
	classes = {
	};
	objectVersion = 56;
	objects = {

/* Begin PBXBuildFile section */
		35E49FDDEBB518C92D6B2188 /* Pods_CleanDining.framework in Frameworks */ = {isa = PBXBuildFile; fileRef = 14E50B358ACD1CCA98FCC23B /* Pods_CleanDining.framework */; };
		48B6C26E2A40BF9500F4279F /* AppDelegate.swift in Sources */ = {isa = PBXBuildFile; fileRef = 48B6C26D2A40BF9500F4279F /* AppDelegate.swift */; };
		48B6C2702A40BF9500F4279F /* SceneDelegate.swift in Sources */ = {isa = PBXBuildFile; fileRef = 48B6C26F2A40BF9500F4279F /* SceneDelegate.swift */; };
		48B6C2722A40BF9500F4279F /* ViewController.swift in Sources */ = {isa = PBXBuildFile; fileRef = 48B6C2712A40BF9500F4279F /* ViewController.swift */; };
		48B6C2752A40BF9500F4279F /* Main.storyboard in Resources */ = {isa = PBXBuildFile; fileRef = 48B6C2732A40BF9500F4279F /* Main.storyboard */; };
		48B6C2782A40BF9500F4279F /* CleanDining.xcdatamodeld in Sources */ = {isa = PBXBuildFile; fileRef = 48B6C2762A40BF9500F4279F /* CleanDining.xcdatamodeld */; };
		48B6C27A2A40BF9600F4279F /* Assets.xcassets in Resources */ = {isa = PBXBuildFile; fileRef = 48B6C2792A40BF9600F4279F /* Assets.xcassets */; };
		48B6C27D2A40BF9600F4279F /* LaunchScreen.storyboard in Resources */ = {isa = PBXBuildFile; fileRef = 48B6C27B2A40BF9600F4279F /* LaunchScreen.storyboard */; };
/* End PBXBuildFile section */

/* Begin PBXFileReference section */
		14E50B358ACD1CCA98FCC23B /* Pods_CleanDining.framework */ = {isa = PBXFileReference; explicitFileType = wrapper.framework; includeInIndex = 0; path = Pods_CleanDining.framework; sourceTree = BUILT_PRODUCTS_DIR; };
		3B5D5D11B049272F4A03CA30 /* Pods-CleanDining.debug.xcconfig */ = {isa = PBXFileReference; includeInIndex = 1; lastKnownFileType = text.xcconfig; name = "Pods-CleanDining.debug.xcconfig"; path = "Target Support Files/Pods-CleanDining/Pods-CleanDining.debug.xcconfig"; sourceTree = "<group>"; };
		48B6C26A2A40BF9500F4279F /* CleanDining.app */ = {isa = PBXFileReference; explicitFileType = wrapper.application; includeInIndex = 0; path = CleanDining.app; sourceTree = BUILT_PRODUCTS_DIR; };
		48B6C26D2A40BF9500F4279F /* AppDelegate.swift */ = {isa = PBXFileReference; lastKnownFileType = sourcecode.swift; path = AppDelegate.swift; sourceTree = "<group>"; };
		48B6C26F2A40BF9500F4279F /* SceneDelegate.swift */ = {isa = PBXFileReference; lastKnownFileType = sourcecode.swift; path = SceneDelegate.swift; sourceTree = "<group>"; };
		48B6C2712A40BF9500F4279F /* ViewController.swift */ = {isa = PBXFileReference; lastKnownFileType = sourcecode.swift; path = ViewController.swift; sourceTree = "<group>"; };
		48B6C2742A40BF9500F4279F /* Base */ = {isa = PBXFileReference; lastKnownFileType = file.storyboard; name = Base; path = Base.lproj/Main.storyboard; sourceTree = "<group>"; };
		48B6C2772A40BF9500F4279F /* CleanDining.xcdatamodel */ = {isa = PBXFileReference; lastKnownFileType = wrapper.xcdatamodel; path = CleanDining.xcdatamodel; sourceTree = "<group>"; };
		48B6C2792A40BF9600F4279F /* Assets.xcassets */ = {isa = PBXFileReference; lastKnownFileType = folder.assetcatalog; path = Assets.xcassets; sourceTree = "<group>"; };
		48B6C27C2A40BF9600F4279F /* Base */ = {isa = PBXFileReference; lastKnownFileType = file.storyboard; name = Base; path = Base.lproj/LaunchScreen.storyboard; sourceTree = "<group>"; };
		48B6C27E2A40BF9600F4279F /* Info.plist */ = {isa = PBXFileReference; lastKnownFileType = text.plist.xml; path = Info.plist; sourceTree = "<group>"; };
		F40304E3F2DA5D45BAD65E77 /* Pods-CleanDining.release.xcconfig */ = {isa = PBXFileReference; includeInIndex = 1; lastKnownFileType = text.xcconfig; name = "Pods-CleanDining.release.xcconfig"; path = "Target Support Files/Pods-CleanDining/Pods-CleanDining.release.xcconfig"; sourceTree = "<group>"; };
/* End PBXFileReference section */

/* Begin PBXFrameworksBuildPhase section */
		48B6C2672A40BF9500F4279F /* Frameworks */ = {
			isa = PBXFrameworksBuildPhase;
			buildActionMask = 2147483647;
			files = (
				35E49FDDEBB518C92D6B2188 /* Pods_CleanDining.framework in Frameworks */,
			);
			runOnlyForDeploymentPostprocessing = 0;
		};
/* End PBXFrameworksBuildPhase section */

/* Begin PBXGroup section */
		48B6C2612A40BF9500F4279F = {
			isa = PBXGroup;
			children = (
				48B6C26C2A40BF9500F4279F /* CleanDining */,
				48B6C26B2A40BF9500F4279F /* Products */,
				92BD68BB815F55E651DFAEDB /* Pods */,
				A3B6AF5DF6A6F6967C590114 /* Frameworks */,
			);
			sourceTree = "<group>";
		};
		48B6C26B2A40BF9500F4279F /* Products */ = {
			isa = PBXGroup;
			children = (
				48B6C26A2A40BF9500F4279F /* CleanDining.app */,
			);
			name = Products;
			sourceTree = "<group>";
		};
		48B6C26C2A40BF9500F4279F /* CleanDining */ = {
			isa = PBXGroup;
			children = (
				48B6C26D2A40BF9500F4279F /* AppDelegate.swift */,
				48B6C26F2A40BF9500F4279F /* SceneDelegate.swift */,
				48B6C2712A40BF9500F4279F /* ViewController.swift */,
				48B6C2732A40BF9500F4279F /* Main.storyboard */,
				48B6C2792A40BF9600F4279F /* Assets.xcassets */,
				48B6C27B2A40BF9600F4279F /* LaunchScreen.storyboard */,
				48B6C27E2A40BF9600F4279F /* Info.plist */,
				48B6C2762A40BF9500F4279F /* CleanDining.xcdatamodeld */,
			);
			path = CleanDining;
			sourceTree = "<group>";
		};
		92BD68BB815F55E651DFAEDB /* Pods */ = {
			isa = PBXGroup;
			children = (
				3B5D5D11B049272F4A03CA30 /* Pods-CleanDining.debug.xcconfig */,
				F40304E3F2DA5D45BAD65E77 /* Pods-CleanDining.release.xcconfig */,
			);
			name = Pods;
			path = Pods;
			sourceTree = "<group>";
		};
		A3B6AF5DF6A6F6967C590114 /* Frameworks */ = {
			isa = PBXGroup;
			children = (
				14E50B358ACD1CCA98FCC23B /* Pods_CleanDining.framework */,
			);
			name = Frameworks;
			sourceTree = "<group>";
		};
/* End PBXGroup section */

/* Begin PBXNativeTarget section */
		48B6C2692A40BF9500F4279F /* CleanDining */ = {
			isa = PBXNativeTarget;
			buildConfigurationList = 48B6C2812A40BF9600F4279F /* Build configuration list for PBXNativeTarget "CleanDining" */;
			buildPhases = (
				B8987FB5939C6B14A0033369 /* [CP] Check Pods Manifest.lock */,
				48B6C2662A40BF9500F4279F /* Sources */,
				48B6C2672A40BF9500F4279F /* Frameworks */,
				48B6C2682A40BF9500F4279F /* Resources */,
				06DF293F19043A9C561D0E64 /* [CP] Embed Pods Frameworks */,
			);
			buildRules = (
			);
			dependencies = (
			);
			name = CleanDining;
			productName = CleanDining;
			productReference = 48B6C26A2A40BF9500F4279F /* CleanDining.app */;
			productType = "com.apple.product-type.application";
		};
/* End PBXNativeTarget section */

/* Begin PBXProject section */
		48B6C2622A40BF9500F4279F /* Project object */ = {
			isa = PBXProject;
			attributes = {
				BuildIndependentTargetsInParallel = 1;
				LastSwiftUpdateCheck = 1430;
				LastUpgradeCheck = 1430;
				TargetAttributes = {
					48B6C2692A40BF9500F4279F = {
						CreatedOnToolsVersion = 14.3;
					};
				};
			};
			buildConfigurationList = 48B6C2652A40BF9500F4279F /* Build configuration list for PBXProject "CleanDining" */;
			compatibilityVersion = "Xcode 14.0";
			developmentRegion = en;
			hasScannedForEncodings = 0;
			knownRegions = (
				en,
				Base,
			);
			mainGroup = 48B6C2612A40BF9500F4279F;
			productRefGroup = 48B6C26B2A40BF9500F4279F /* Products */;
			projectDirPath = "";
			projectRoot = "";
			targets = (
				48B6C2692A40BF9500F4279F /* CleanDining */,
			);
		};
/* End PBXProject section */

/* Begin PBXResourcesBuildPhase section */
		48B6C2682A40BF9500F4279F /* Resources */ = {
			isa = PBXResourcesBuildPhase;
			buildActionMask = 2147483647;
			files = (
				48B6C27D2A40BF9600F4279F /* LaunchScreen.storyboard in Resources */,
				48B6C27A2A40BF9600F4279F /* Assets.xcassets in Resources */,
				48B6C2752A40BF9500F4279F /* Main.storyboard in Resources */,
			);
			runOnlyForDeploymentPostprocessing = 0;
		};
/* End PBXResourcesBuildPhase section */

/* Begin PBXShellScriptBuildPhase section */
		06DF293F19043A9C561D0E64 /* [CP] Embed Pods Frameworks */ = {
			isa = PBXShellScriptBuildPhase;
			buildActionMask = 2147483647;
			files = (
			);
			inputFileListPaths = (
				"${PODS_ROOT}/Target Support Files/Pods-CleanDining/Pods-CleanDining-frameworks-${CONFIGURATION}-input-files.xcfilelist",
			);
			name = "[CP] Embed Pods Frameworks";
			outputFileListPaths = (
				"${PODS_ROOT}/Target Support Files/Pods-CleanDining/Pods-CleanDining-frameworks-${CONFIGURATION}-output-files.xcfilelist",
			);
			runOnlyForDeploymentPostprocessing = 0;
			shellPath = /bin/sh;
			shellScript = "\"${PODS_ROOT}/Target Support Files/Pods-CleanDining/Pods-CleanDining-frameworks.sh\"\n";
			showEnvVarsInLog = 0;
		};
		B8987FB5939C6B14A0033369 /* [CP] Check Pods Manifest.lock */ = {
			isa = PBXShellScriptBuildPhase;
			buildActionMask = 2147483647;
			files = (
			);
			inputFileListPaths = (
			);
			inputPaths = (
				"${PODS_PODFILE_DIR_PATH}/Podfile.lock",
				"${PODS_ROOT}/Manifest.lock",
			);
			name = "[CP] Check Pods Manifest.lock";
			outputFileListPaths = (
			);
			outputPaths = (
				"$(DERIVED_FILE_DIR)/Pods-CleanDining-checkManifestLockResult.txt",
			);
			runOnlyForDeploymentPostprocessing = 0;
			shellPath = /bin/sh;
			shellScript = "diff \"${PODS_PODFILE_DIR_PATH}/Podfile.lock\" \"${PODS_ROOT}/Manifest.lock\" > /dev/null\nif [ $? != 0 ] ; then\n    # print error to STDERR\n    echo \"error: The sandbox is not in sync with the Podfile.lock. Run 'pod install' or update your CocoaPods installation.\" >&2\n    exit 1\nfi\n# This output is used by Xcode 'outputs' to avoid re-running this script phase.\necho \"SUCCESS\" > \"${SCRIPT_OUTPUT_FILE_0}\"\n";
			showEnvVarsInLog = 0;
		};
/* End PBXShellScriptBuildPhase section */

/* Begin PBXSourcesBuildPhase section */
		48B6C2662A40BF9500F4279F /* Sources */ = {
			isa = PBXSourcesBuildPhase;
			buildActionMask = 2147483647;
			files = (
				48B6C2782A40BF9500F4279F /* CleanDining.xcdatamodeld in Sources */,
				48B6C2722A40BF9500F4279F /* ViewController.swift in Sources */,
				48B6C26E2A40BF9500F4279F /* AppDelegate.swift in Sources */,
				48B6C2702A40BF9500F4279F /* SceneDelegate.swift in Sources */,
			);
			runOnlyForDeploymentPostprocessing = 0;
		};
/* End PBXSourcesBuildPhase section */

/* Begin PBXVariantGroup section */
		48B6C2732A40BF9500F4279F /* Main.storyboard */ = {
			isa = PBXVariantGroup;
			children = (
				48B6C2742A40BF9500F4279F /* Base */,
			);
			name = Main.storyboard;
			sourceTree = "<group>";
		};
		48B6C27B2A40BF9600F4279F /* LaunchScreen.storyboard */ = {
			isa = PBXVariantGroup;
			children = (
				48B6C27C2A40BF9600F4279F /* Base */,
			);
			name = LaunchScreen.storyboard;
			sourceTree = "<group>";
		};
/* End PBXVariantGroup section */

/* Begin XCBuildConfiguration section */
		48B6C27F2A40BF9600F4279F /* Debug */ = {
			isa = XCBuildConfiguration;
			buildSettings = {
				ALWAYS_SEARCH_USER_PATHS = NO;
				CLANG_ANALYZER_NONNULL = YES;
				CLANG_ANALYZER_NUMBER_OBJECT_CONVERSION = YES_AGGRESSIVE;
				CLANG_CXX_LANGUAGE_STANDARD = "gnu++20";
				CLANG_ENABLE_MODULES = YES;
				CLANG_ENABLE_OBJC_ARC = YES;
				CLANG_ENABLE_OBJC_WEAK = YES;
				CLANG_WARN_BLOCK_CAPTURE_AUTORELEASING = YES;
				CLANG_WARN_BOOL_CONVERSION = YES;
				CLANG_WARN_COMMA = YES;
				CLANG_WARN_CONSTANT_CONVERSION = YES;
				CLANG_WARN_DEPRECATED_OBJC_IMPLEMENTATIONS = YES;
				CLANG_WARN_DIRECT_OBJC_ISA_USAGE = YES_ERROR;
				CLANG_WARN_DOCUMENTATION_COMMENTS = YES;
				CLANG_WARN_EMPTY_BODY = YES;
				CLANG_WARN_ENUM_CONVERSION = YES;
				CLANG_WARN_INFINITE_RECURSION = YES;
				CLANG_WARN_INT_CONVERSION = YES;
				CLANG_WARN_NON_LITERAL_NULL_CONVERSION = YES;
				CLANG_WARN_OBJC_IMPLICIT_RETAIN_SELF = YES;
				CLANG_WARN_OBJC_LITERAL_CONVERSION = YES;
				CLANG_WARN_OBJC_ROOT_CLASS = YES_ERROR;
				CLANG_WARN_QUOTED_INCLUDE_IN_FRAMEWORK_HEADER = YES;
				CLANG_WARN_RANGE_LOOP_ANALYSIS = YES;
				CLANG_WARN_STRICT_PROTOTYPES = YES;
				CLANG_WARN_SUSPICIOUS_MOVE = YES;
				CLANG_WARN_UNGUARDED_AVAILABILITY = YES_AGGRESSIVE;
				CLANG_WARN_UNREACHABLE_CODE = YES;
				CLANG_WARN__DUPLICATE_METHOD_MATCH = YES;
				COPY_PHASE_STRIP = NO;
				DEBUG_INFORMATION_FORMAT = dwarf;
				ENABLE_STRICT_OBJC_MSGSEND = YES;
				ENABLE_TESTABILITY = YES;
				GCC_C_LANGUAGE_STANDARD = gnu11;
				GCC_DYNAMIC_NO_PIC = NO;
				GCC_NO_COMMON_BLOCKS = YES;
				GCC_OPTIMIZATION_LEVEL = 0;
				GCC_PREPROCESSOR_DEFINITIONS = (
					"DEBUG=1",
					"$(inherited)",
				);
				GCC_WARN_64_TO_32_BIT_CONVERSION = YES;
				GCC_WARN_ABOUT_RETURN_TYPE = YES_ERROR;
				GCC_WARN_UNDECLARED_SELECTOR = YES;
				GCC_WARN_UNINITIALIZED_AUTOS = YES_AGGRESSIVE;
				GCC_WARN_UNUSED_FUNCTION = YES;
				GCC_WARN_UNUSED_VARIABLE = YES;
				IPHONEOS_DEPLOYMENT_TARGET = 16.4;
				MTL_ENABLE_DEBUG_INFO = INCLUDE_SOURCE;
				MTL_FAST_MATH = YES;
				ONLY_ACTIVE_ARCH = YES;
				SDKROOT = iphoneos;
				SWIFT_ACTIVE_COMPILATION_CONDITIONS = DEBUG;
				SWIFT_OPTIMIZATION_LEVEL = "-Onone";
			};
			name = Debug;
		};
		48B6C2802A40BF9600F4279F /* Release */ = {
			isa = XCBuildConfiguration;
			buildSettings = {
				ALWAYS_SEARCH_USER_PATHS = NO;
				CLANG_ANALYZER_NONNULL = YES;
				CLANG_ANALYZER_NUMBER_OBJECT_CONVERSION = YES_AGGRESSIVE;
				CLANG_CXX_LANGUAGE_STANDARD = "gnu++20";
				CLANG_ENABLE_MODULES = YES;
				CLANG_ENABLE_OBJC_ARC = YES;
				CLANG_ENABLE_OBJC_WEAK = YES;
				CLANG_WARN_BLOCK_CAPTURE_AUTORELEASING = YES;
				CLANG_WARN_BOOL_CONVERSION = YES;
				CLANG_WARN_COMMA = YES;
				CLANG_WARN_CONSTANT_CONVERSION = YES;
				CLANG_WARN_DEPRECATED_OBJC_IMPLEMENTATIONS = YES;
				CLANG_WARN_DIRECT_OBJC_ISA_USAGE = YES_ERROR;
				CLANG_WARN_DOCUMENTATION_COMMENTS = YES;
				CLANG_WARN_EMPTY_BODY = YES;
				CLANG_WARN_ENUM_CONVERSION = YES;
				CLANG_WARN_INFINITE_RECURSION = YES;
				CLANG_WARN_INT_CONVERSION = YES;
				CLANG_WARN_NON_LITERAL_NULL_CONVERSION = YES;
				CLANG_WARN_OBJC_IMPLICIT_RETAIN_SELF = YES;
				CLANG_WARN_OBJC_LITERAL_CONVERSION = YES;
				CLANG_WARN_OBJC_ROOT_CLASS = YES_ERROR;
				CLANG_WARN_QUOTED_INCLUDE_IN_FRAMEWORK_HEADER = YES;
				CLANG_WARN_RANGE_LOOP_ANALYSIS = YES;
				CLANG_WARN_STRICT_PROTOTYPES = YES;
				CLANG_WARN_SUSPICIOUS_MOVE = YES;
				CLANG_WARN_UNGUARDED_AVAILABILITY = YES_AGGRESSIVE;
				CLANG_WARN_UNREACHABLE_CODE = YES;
				CLANG_WARN__DUPLICATE_METHOD_MATCH = YES;
				COPY_PHASE_STRIP = NO;
				DEBUG_INFORMATION_FORMAT = "dwarf-with-dsym";
				ENABLE_NS_ASSERTIONS = NO;
				ENABLE_STRICT_OBJC_MSGSEND = YES;
				GCC_C_LANGUAGE_STANDARD = gnu11;
				GCC_NO_COMMON_BLOCKS = YES;
				GCC_WARN_64_TO_32_BIT_CONVERSION = YES;
				GCC_WARN_ABOUT_RETURN_TYPE = YES_ERROR;
				GCC_WARN_UNDECLARED_SELECTOR = YES;
				GCC_WARN_UNINITIALIZED_AUTOS = YES_AGGRESSIVE;
				GCC_WARN_UNUSED_FUNCTION = YES;
				GCC_WARN_UNUSED_VARIABLE = YES;
				IPHONEOS_DEPLOYMENT_TARGET = 16.4;
				MTL_ENABLE_DEBUG_INFO = NO;
				MTL_FAST_MATH = YES;
				SDKROOT = iphoneos;
				SWIFT_COMPILATION_MODE = wholemodule;
				SWIFT_OPTIMIZATION_LEVEL = "-O";
				VALIDATE_PRODUCT = YES;
			};
			name = Release;
		};
		48B6C2822A40BF9600F4279F /* Debug */ = {
			isa = XCBuildConfiguration;
			baseConfigurationReference = 3B5D5D11B049272F4A03CA30 /* Pods-CleanDining.debug.xcconfig */;
			buildSettings = {
				ASSETCATALOG_COMPILER_APPICON_NAME = AppIcon;
				ASSETCATALOG_COMPILER_GLOBAL_ACCENT_COLOR_NAME = AccentColor;
				CODE_SIGN_STYLE = Automatic;
				CURRENT_PROJECT_VERSION = 1;
				DEVELOPMENT_TEAM = LBXG8M82WY;
				GENERATE_INFOPLIST_FILE = YES;
				INFOPLIST_FILE = CleanDining/Info.plist;
				INFOPLIST_KEY_UIApplicationSupportsIndirectInputEvents = YES;
				INFOPLIST_KEY_UILaunchStoryboardName = LaunchScreen;
				INFOPLIST_KEY_UIMainStoryboardFile = Main;
				INFOPLIST_KEY_UISupportedInterfaceOrientations_iPad = "UIInterfaceOrientationPortrait UIInterfaceOrientationPortraitUpsideDown UIInterfaceOrientationLandscapeLeft UIInterfaceOrientationLandscapeRight";
				INFOPLIST_KEY_UISupportedInterfaceOrientations_iPhone = "UIInterfaceOrientationPortrait UIInterfaceOrientationLandscapeLeft UIInterfaceOrientationLandscapeRight";
				IPHONEOS_DEPLOYMENT_TARGET = 16.0;
				LD_RUNPATH_SEARCH_PATHS = (
					"$(inherited)",
					"@executable_path/Frameworks",
				);
				MARKETING_VERSION = 1.0;
				PRODUCT_BUNDLE_IDENTIFIER = KimMinKyung.CleanDining;
				PRODUCT_NAME = "$(TARGET_NAME)";
				SWIFT_EMIT_LOC_STRINGS = YES;
				SWIFT_VERSION = 5.0;
				TARGETED_DEVICE_FAMILY = "1,2";
			};
			name = Debug;
		};
		48B6C2832A40BF9600F4279F /* Release */ = {
			isa = XCBuildConfiguration;
			baseConfigurationReference = F40304E3F2DA5D45BAD65E77 /* Pods-CleanDining.release.xcconfig */;
			buildSettings = {
				ASSETCATALOG_COMPILER_APPICON_NAME = AppIcon;
				ASSETCATALOG_COMPILER_GLOBAL_ACCENT_COLOR_NAME = AccentColor;
				CODE_SIGN_STYLE = Automatic;
				CURRENT_PROJECT_VERSION = 1;
				DEVELOPMENT_TEAM = LBXG8M82WY;
				GENERATE_INFOPLIST_FILE = YES;
				INFOPLIST_FILE = CleanDining/Info.plist;
				INFOPLIST_KEY_UIApplicationSupportsIndirectInputEvents = YES;
				INFOPLIST_KEY_UILaunchStoryboardName = LaunchScreen;
				INFOPLIST_KEY_UIMainStoryboardFile = Main;
				INFOPLIST_KEY_UISupportedInterfaceOrientations_iPad = "UIInterfaceOrientationPortrait UIInterfaceOrientationPortraitUpsideDown UIInterfaceOrientationLandscapeLeft UIInterfaceOrientationLandscapeRight";
				INFOPLIST_KEY_UISupportedInterfaceOrientations_iPhone = "UIInterfaceOrientationPortrait UIInterfaceOrientationLandscapeLeft UIInterfaceOrientationLandscapeRight";
				IPHONEOS_DEPLOYMENT_TARGET = 16.0;
				LD_RUNPATH_SEARCH_PATHS = (
					"$(inherited)",
					"@executable_path/Frameworks",
				);
				MARKETING_VERSION = 1.0;
				PRODUCT_BUNDLE_IDENTIFIER = KimMinKyung.CleanDining;
				PRODUCT_NAME = "$(TARGET_NAME)";
				SWIFT_EMIT_LOC_STRINGS = YES;
				SWIFT_VERSION = 5.0;
				TARGETED_DEVICE_FAMILY = "1,2";
			};
			name = Release;
		};
/* End XCBuildConfiguration section */

/* Begin XCConfigurationList section */
		48B6C2652A40BF9500F4279F /* Build configuration list for PBXProject "CleanDining" */ = {
			isa = XCConfigurationList;
			buildConfigurations = (
				48B6C27F2A40BF9600F4279F /* Debug */,
				48B6C2802A40BF9600F4279F /* Release */,
			);
			defaultConfigurationIsVisible = 0;
			defaultConfigurationName = Release;
		};
		48B6C2812A40BF9600F4279F /* Build configuration list for PBXNativeTarget "CleanDining" */ = {
			isa = XCConfigurationList;
			buildConfigurations = (
				48B6C2822A40BF9600F4279F /* Debug */,
				48B6C2832A40BF9600F4279F /* Release */,
			);
			defaultConfigurationIsVisible = 0;
			defaultConfigurationName = Release;
		};
/* End XCConfigurationList section */

/* Begin XCVersionGroup section */
		48B6C2762A40BF9500F4279F /* CleanDining.xcdatamodeld */ = {
			isa = XCVersionGroup;
			children = (
				48B6C2772A40BF9500F4279F /* CleanDining.xcdatamodel */,
			);
			currentVersion = 48B6C2772A40BF9500F4279F /* CleanDining.xcdatamodel */;
			path = CleanDining.xcdatamodeld;
			sourceTree = "<group>";
			versionGroupType = wrapper.xcdatamodel;
		};
/* End XCVersionGroup section */
	};
	rootObject = 48B6C2622A40BF9500F4279F /* Project object */;
}
